
Microsoft Visual Studio Solution File, Format Version 12.00
# Visual Studio 14
VisualStudioVersion = 14.0.25420.1
MinimumVisualStudioVersion = 10.0.40219.1
Project("{FAE04EC0-301F-11D3-BF4B-00C04F79EFBC}") = "ClassWeel10_2", "ClassWeel10_2.csproj", "{CC0DDD28-AC40-4264-BD37-758BC8DD90A5}"
EndProject
Global
	GlobalSection(SolutionConfigurationPlatforms) = preSolution
		Debug|Any CPU = Debug|Any CPU
		Release|Any CPU = Release|Any CPU
	EndGlobalSection
	GlobalSection(ProjectConfigurationPlatforms) = postSolution
		{CC0DDD28-AC40-4264-BD37-758BC8DD90A5}.Debug|Any CPU.ActiveCfg = Debug|Any CPU
		{CC0DDD28-AC40-4264-BD37-758BC8DD90A5}.Debug|Any CPU.Build.0 = Debug|Any CPU
		{CC0DDD28-AC40-4264-BD37-758BC8DD90A5}.Release|Any CPU.ActiveCfg = Release|Any CPU
		{CC0DDD28-AC40-4264-BD37-758BC8DD90A5}.Release|Any CPU.Build.0 = Release|Any CPU
	EndGlobalSection
	GlobalSection(SolutionProperties) = preSolution
		HideSolutionNode = FALSE
	EndGlobalSection
EndGlobal
